// !$*UTF8*$!
{
	archiveVersion = 1;
	classes = {
	};
	objectVersion = 46;
	objects = {

/* Begin PBXBuildFile section */
		B1E61D051F49C9130078D67E /* MFJinHei_Noncommercial-Regular.ttf in Resources */ = {isa = PBXBuildFile; fileRef = B1E61D021F49C9130078D67E /* MFJinHei_Noncommercial-Regular.ttf */; };
		B1E61D061F49C9130078D67E /* MFTongXin_Noncommercial-Regular.ttf in Resources */ = {isa = PBXBuildFile; fileRef = B1E61D031F49C9130078D67E /* MFTongXin_Noncommercial-Regular.ttf */; };
		B1E61D071F49C9130078D67E /* MFZhiHei_Noncommercial-Regular.ttf in Resources */ = {isa = PBXBuildFile; fileRef = B1E61D041F49C9130078D67E /* MFZhiHei_Noncommercial-Regular.ttf */; };
		FCA150E9FD06B6B7A9D57AD6 /* Assets.xcassets in Resources */ = {isa = PBXBuildFile; fileRef = FCA15415CE9F43EC66D079C4 /* Assets.xcassets */; };
		FCA15376DEA29609F273BB0E /* LaunchScreen.storyboard in Resources */ = {isa = PBXBuildFile; fileRef = FCA15D171A20531A9D3E15AF /* LaunchScreen.storyboard */; };
		FCA15706D1D694F75FB57802 /* Main.storyboard in Resources */ = {isa = PBXBuildFile; fileRef = FCA15CCA32D30AF93DBED4CA /* Main.storyboard */; };
		FCA1582BB4D3F7C576CC213A /* ViewController.swift in Sources */ = {isa = PBXBuildFile; fileRef = FCA15FA0606083A3BABDB415 /* ViewController.swift */; };
		FCA1583FECBB2DA7A2CD6F56 /* AppDelegate.swift in Sources */ = {isa = PBXBuildFile; fileRef = FCA151569DA5A2ED0D13F829 /* AppDelegate.swift */; };
/* End PBXBuildFile section */

/* Begin PBXFileReference section */
		B1E61D021F49C9130078D67E /* MFJinHei_Noncommercial-Regular.ttf */ = {isa = PBXFileReference; lastKnownFileType = file; path = "MFJinHei_Noncommercial-Regular.ttf"; sourceTree = "<group>"; };
		B1E61D031F49C9130078D67E /* MFTongXin_Noncommercial-Regular.ttf */ = {isa = PBXFileReference; lastKnownFileType = file; path = "MFTongXin_Noncommercial-Regular.ttf"; sourceTree = "<group>"; };
		B1E61D041F49C9130078D67E /* MFZhiHei_Noncommercial-Regular.ttf */ = {isa = PBXFileReference; lastKnownFileType = file; path = "MFZhiHei_Noncommercial-Regular.ttf"; sourceTree = "<group>"; };
		FCA15116BB563A56CEB6DDB6 /* CustomFont_Leon.app */ = {isa = PBXFileReference; explicitFileType = wrapper.application; includeInIndex = 0; path = CustomFont_Leon.app; sourceTree = BUILT_PRODUCTS_DIR; };
		FCA151569DA5A2ED0D13F829 /* AppDelegate.swift */ = {isa = PBXFileReference; lastKnownFileType = sourcecode.swift; path = AppDelegate.swift; sourceTree = "<group>"; };
		FCA15415CE9F43EC66D079C4 /* Assets.xcassets */ = {isa = PBXFileReference; lastKnownFileType = folder.assetcatalog; path = Assets.xcassets; sourceTree = "<group>"; };
		FCA15517FD208C725E5DACFC /* Info.plist */ = {isa = PBXFileReference; lastKnownFileType = text.plist.info; path = Info.plist; sourceTree = "<group>"; };
		FCA1570E2DE707D4B1C1E3B8 /* Base */ = {isa = PBXFileReference; lastKnownFileType = file.storyboard; name = Base; path = Base.lproj/LaunchScreen.storyboard; sourceTree = "<group>"; };
		FCA15EFF3A2E2D7739A96A08 /* Base */ = {isa = PBXFileReference; lastKnownFileType = file.storyboard; name = Base; path = Base.lproj/Main.storyboard; sourceTree = "<group>"; };
		FCA15FA0606083A3BABDB415 /* ViewController.swift */ = {isa = PBXFileReference; lastKnownFileType = sourcecode.swift; path = ViewController.swift; sourceTree = "<group>"; };
/* End PBXFileReference section */

/* Begin PBXFrameworksBuildPhase section */
		FCA159417C803A3C94362D43 /* Frameworks */ = {
			isa = PBXFrameworksBuildPhase;
			buildActionMask = 2147483647;
			files = (
			);
			runOnlyForDeploymentPostprocessing = 0;
		};
/* End PBXFrameworksBuildPhase section */

/* Begin PBXGroup section */
		FCA1524CF906C0115694644D = {
			isa = PBXGroup;
			children = (
				FCA15F30896DB63CD2E97266 /* Products */,
				FCA15A7E420FF20AEFF721FC /* CustomFont_Leon */,
			);
			sourceTree = "<group>";
		};
		FCA15A7E420FF20AEFF721FC /* CustomFont_Leon */ = {
			isa = PBXGroup;
			children = (
				B1E61D021F49C9130078D67E /* MFJinHei_Noncommercial-Regular.ttf */,
				B1E61D031F49C9130078D67E /* MFTongXin_Noncommercial-Regular.ttf */,
				B1E61D041F49C9130078D67E /* MFZhiHei_Noncommercial-Regular.ttf */,
				FCA15517FD208C725E5DACFC /* Info.plist */,
				FCA15415CE9F43EC66D079C4 /* Assets.xcassets */,
				FCA15D171A20531A9D3E15AF /* LaunchScreen.storyboard */,
				FCA151569DA5A2ED0D13F829 /* AppDelegate.swift */,
				FCA15CCA32D30AF93DBED4CA /* Main.storyboard */,
				FCA15FA0606083A3BABDB415 /* ViewController.swift */,
			);
			path = CustomFont_Leon;
			sourceTree = "<group>";
		};
		FCA15F30896DB63CD2E97266 /* Products */ = {
			isa = PBXGroup;
			children = (
				FCA15116BB563A56CEB6DDB6 /* CustomFont_Leon.app */,
			);
			name = Products;
			sourceTree = "<group>";
		};
/* End PBXGroup section */

/* Begin PBXNativeTarget section */
		FCA154FF4B6CC4CB73CC17F7 /* CustomFont_Leon */ = {
			isa = PBXNativeTarget;
			buildConfigurationList = FCA1599A5CFB101BE2B6C133 /* Build configuration list for PBXNativeTarget "CustomFont_Leon" */;
			buildPhases = (
				FCA157AB6D0CB95108ED06EA /* Sources */,
				FCA159417C803A3C94362D43 /* Frameworks */,
				FCA15811FDA380F6B9E446B0 /* Resources */,
			);
			buildRules = (
			);
			dependencies = (
			);
			name = CustomFont_Leon;
			productName = CustomFont_Leon;
			productReference = FCA15116BB563A56CEB6DDB6 /* CustomFont_Leon.app */;
			productType = "com.apple.product-type.application";
		};
/* End PBXNativeTarget section */

/* Begin PBXProject section */
		FCA15BF98850AC322433A0B5 /* Project object */ = {
			isa = PBXProject;
			attributes = {
				ORGANIZATIONNAME = clem;
				TargetAttributes = {
					FCA154FF4B6CC4CB73CC17F7 = {
						DevelopmentTeam = FCKB72E74L;
					};
				};
			};
			buildConfigurationList = FCA152AE0B4A63EFA805737E /* Build configuration list for PBXProject "CustomFont_Leon" */;
			compatibilityVersion = "Xcode 3.2";
			developmentRegion = English;
			hasScannedForEncodings = 0;
			knownRegions = (
				en,
			);
			mainGroup = FCA1524CF906C0115694644D;
			productRefGroup = FCA15F30896DB63CD2E97266 /* Products */;
			projectDirPath = "";
			projectRoot = "";
			targets = (
				FCA154FF4B6CC4CB73CC17F7 /* CustomFont_Leon */,
			);
		};
/* End PBXProject section */

/* Begin PBXResourcesBuildPhase section */
		FCA15811FDA380F6B9E446B0 /* Resources */ = {
			isa = PBXResourcesBuildPhase;
			buildActionMask = 2147483647;
			files = (
				B1E61D061F49C9130078D67E /* MFTongXin_Noncommercial-Regular.ttf in Resources */,
				B1E61D071F49C9130078D67E /* MFZhiHei_Noncommercial-Regular.ttf in Resources */,
				FCA150E9FD06B6B7A9D57AD6 /* Assets.xcassets in Resources */,
				B1E61D051F49C9130078D67E /* MFJinHei_Noncommercial-Regular.ttf in Resources */,
				FCA15376DEA29609F273BB0E /* LaunchScreen.storyboard in Resources */,
				FCA15706D1D694F75FB57802 /* Main.storyboard in Resources */,
			);
			runOnlyForDeploymentPostprocessing = 0;
		};
/* End PBXResourcesBuildPhase section */

/* Begin PBXSourcesBuildPhase section */
		FCA157AB6D0CB95108ED06EA /* Sources */ = {
			isa = PBXSourcesBuildPhase;
			buildActionMask = 2147483647;
			files = (
				FCA1583FECBB2DA7A2CD6F56 /* AppDelegate.swift in Sources */,
				FCA1582BB4D3F7C576CC213A /* ViewController.swift in Sources */,
			);
			runOnlyForDeploymentPostprocessing = 0;
		};
/* End PBXSourcesBuildPhase section */

/* Begin PBXVariantGroup section */
		FCA15CCA32D30AF93DBED4CA /* Main.storyboard */ = {
			isa = PBXVariantGroup;
			children = (
				FCA15EFF3A2E2D7739A96A08 /* Base */,
			);
			name = Main.storyboard;
			sourceTree = "<group>";
		};
		FCA15D171A20531A9D3E15AF /* LaunchScreen.storyboard */ = {
			isa = PBXVariantGroup;
			children = (
				FCA1570E2DE707D4B1C1E3B8 /* Base */,
			);
			name = LaunchScreen.storyboard;
			sourceTree = "<group>";
		};
/* End PBXVariantGroup section */

/* Begin XCBuildConfiguration section */
		FCA153C444E0A64E8AAB41B5 /* Debug */ = {
			isa = XCBuildConfiguration;
			buildSettings = {
				ASSETCATALOG_COMPILER_APPICON_NAME = AppIcon;
				DEVELOPMENT_TEAM = FCKB72E74L;
				INFOPLIST_FILE = CustomFont_Leon/Info.plist;
				LD_RUNPATH_SEARCH_PATHS = "$(inherited) @executable_path/Frameworks";
				PRODUCT_BUNDLE_IDENTIFIER = "com.clem.www.CustomFont-Leon";
				PRODUCT_NAME = "$(TARGET_NAME)";
				SWIFT_VERSION = 3.1;
			};
			name = Debug;
		};
		FCA154B09EF909BAFD0D4F7F /* Release */ = {
			isa = XCBuildConfiguration;
			buildSettings = {
				ALWAYS_SEARCH_USER_PATHS = NO;
				CLANG_ANALYZER_NONNULL = YES;
				CLANG_ANALYZER_NUMBER_OBJECT_CONVERSION = YES_AGGRESSIVE;
				CLANG_CXX_LANGUAGE_STANDARD = "gnu++0x";
				CLANG_CXX_LIBRARY = "libc++";
				CLANG_ENABLE_MODULES = YES;
				CLANG_ENABLE_OBJC_ARC = YES;
				CLANG_WARN_BOOL_CONVERSION = YES;
				CLANG_WARN_CONSTANT_CONVERSION = YES;
				CLANG_WARN_DIRECT_OBJC_ISA_USAGE = YES_ERROR;
				CLANG_WARN_DOCUMENTATION_COMMENTS = YES;
				CLANG_WARN_EMPTY_BODY = YES;
				CLANG_WARN_ENUM_CONVERSION = YES;
				CLANG_WARN_INFINITE_RECURSION = YES;
				CLANG_WARN_INT_CONVERSION = YES;
				CLANG_WARN_OBJC_ROOT_CLASS = YES_ERROR;
				CLANG_WARN_SUSPICIOUS_MOVE = YES;
				CLANG_WARN_UNREACHABLE_CODE = YES;
				CLANG_WARN__DUPLICATE_METHOD_MATCH = YES;
				"CODE_SIGN_IDENTITY[sdk=iphoneos*]" = "iPhone Developer";
				COPY_PHASE_STRIP = NO;
				DEBUG_INFORMATION_FORMAT = "dwarf-with-dsym";
				ENABLE_NS_ASSERTIONS = NO;
				ENABLE_STRICT_OBJC_MSGSEND = YES;
				GCC_C_LANGUAGE_STANDARD = gnu99;
				GCC_NO_COMMON_BLOCKS = YES;
				GCC_WARN_64_TO_32_BIT_CONVERSION = YES;
				GCC_WARN_ABOUT_RETURN_TYPE = YES_ERROR;
				GCC_WARN_UNDECLARED_SELECTOR = YES;
				GCC_WARN_UNINITIALIZED_AUTOS = YES_AGGRESSIVE;
				GCC_WARN_UNUSED_FUNCTION = YES;
				GCC_WARN_UNUSED_VARIABLE = YES;
				IPHONEOS_DEPLOYMENT_TARGET = 10.3;
				MTL_ENABLE_DEBUG_INFO = NO;
				SDKROOT = iphoneos;
				SWIFT_OPTIMIZATION_LEVEL = "-Owholemodule";
				TARGETED_DEVICE_FAMILY = "1,2";
				VALIDATE_PRODUCT = YES;
			};
			name = Release;
		};
		FCA155F2D02AD71B216095D1 /* Release */ = {
			isa = XCBuildConfiguration;
			buildSettings = {
				ASSETCATALOG_COMPILER_APPICON_NAME = AppIcon;
				DEVELOPMENT_TEAM = FCKB72E74L;
				INFOPLIST_FILE = CustomFont_Leon/Info.plist;
				LD_RUNPATH_SEARCH_PATHS = "$(inherited) @executable_path/Frameworks";
				PRODUCT_BUNDLE_IDENTIFIER = "com.clem.www.CustomFont-Leon";
				PRODUCT_NAME = "$(TARGET_NAME)";
				SWIFT_VERSION = 3.1;
			};
			name = Release;
		};
		FCA1597EA6FE023D5CCC8767 /* Debug */ = {
			isa = XCBuildConfiguration;
			buildSettings = {
				ALWAYS_SEARCH_USER_PATHS = NO;
				CLANG_ANALYZER_NONNULL = YES;
				CLANG_ANALYZER_NUMBER_OBJECT_CONVERSION = YES_AGGRESSIVE;
				CLANG_CXX_LANGUAGE_STANDARD = "gnu++0x";
				CLANG_CXX_LIBRARY = "libc++";
				CLANG_ENABLE_MODULES = YES;
				CLANG_ENABLE_OBJC_ARC = YES;
				CLANG_WARN_BOOL_CONVERSION = YES;
				CLANG_WARN_CONSTANT_CONVERSION = YES;
				CLANG_WARN_DIRECT_OBJC_ISA_USAGE = YES_ERROR;
				CLANG_WARN_DOCUMENTATION_COMMENTS = YES;
				CLANG_WARN_EMPTY_BODY = YES;
				CLANG_WARN_ENUM_CONVERSION = YES;
				CLANG_WARN_INFINITE_RECURSION = YES;
				CLANG_WARN_INT_CONVERSION = YES;
				CLANG_WARN_OBJC_ROOT_CLASS = YES_ERROR;
				CLANG_WARN_SUSPICIOUS_MOVE = YES;
				CLANG_WARN_UNREACHABLE_CODE = YES;
				CLANG_WARN__DUPLICATE_METHOD_MATCH = YES;
				"CODE_SIGN_IDENTITY[sdk=iphoneos*]" = "iPhone Developer";
				COPY_PHASE_STRIP = NO;
				DEBUG_INFORMATION_FORMAT = dwarf;
				ENABLE_STRICT_OBJC_MSGSEND = YES;
				ENABLE_TESTABILITY = YES;
				GCC_C_LANGUAGE_STANDARD = gnu99;
				GCC_DYNAMIC_NO_PIC = NO;
				GCC_NO_COMMON_BLOCKS = YES;
				GCC_OPTIMIZATION_LEVEL = 0;
				GCC_PREPROCESSOR_DEFINITIONS = (
					"DEBUG=1",
					"$(inherited)",
				);
				GCC_WARN_64_TO_32_BIT_CONVERSION = YES;
				GCC_WARN_ABOUT_RETURN_TYPE = YES_ERROR;
				GCC_WARN_UNDECLARED_SELECTOR = YES;
				GCC_WARN_UNINITIALIZED_AUTOS = YES_AGGRESSIVE;
				GCC_WARN_UNUSED_FUNCTION = YES;
				GCC_WARN_UNUSED_VARIABLE = YES;
				IPHONEOS_DEPLOYMENT_TARGET = 10.3;
				MTL_ENABLE_DEBUG_INFO = YES;
				ONLY_ACTIVE_ARCH = YES;
				SDKROOT = iphoneos;
				SWIFT_ACTIVE_COMPILATION_CONDITIONS = DEBUG;
				SWIFT_OPTIMIZATION_LEVEL = "-Onone";
				TARGETED_DEVICE_FAMILY = "1,2";
			};
			name = Debug;
		};
/* End XCBuildConfiguration section */

/* Begin XCConfigurationList section */
		FCA152AE0B4A63EFA805737E /* Build configuration list for PBXProject "CustomFont_Leon" */ = {
			isa = XCConfigurationList;
			buildConfigurations = (
				FCA1597EA6FE023D5CCC8767 /* Debug */,
				FCA154B09EF909BAFD0D4F7F /* Release */,
			);
			defaultConfigurationIsVisible = 0;
			defaultConfigurationName = Release;
		};
		FCA1599A5CFB101BE2B6C133 /* Build configuration list for PBXNativeTarget "CustomFont_Leon" */ = {
			isa = XCConfigurationList;
			buildConfigurations = (
				FCA153C444E0A64E8AAB41B5 /* Debug */,
				FCA155F2D02AD71B216095D1 /* Release */,
			);
			defaultConfigurationIsVisible = 0;
			defaultConfigurationName = Release;
		};
/* End XCConfigurationList section */
	};
	rootObject = FCA15BF98850AC322433A0B5 /* Project object */;
}
