<?xml version="1.0" encoding="UTF-8"?>
<Scheme
   version = "1.3">
   <BuildAction>
      <BuildActionEntries>
         <BuildActionEntry
            buildForRunning = "YES">
            <BuildableReference
               BuildableIdentifier = "primary"
               BlueprintIdentifier = "FCA154FF4B6CC4CB73CC17F7"
               BuildableName = "CustomFont_Leon.app"
               BlueprintName = "CustomFont_Leon"
               ReferencedContainer = "container:CustomFont_Leon.xcodeproj">
            </BuildableReference>
         </BuildActionEntry>
      </BuildActionEntries>
   </BuildAction>
   <LaunchAction
      useCustomWorkingDirectory = "NO"
      buildConfiguration = "Debug">
      <BuildableProductRunnable>
         <BuildableReference
            BuildableIdentifier = "primary"
            BlueprintIdentifier = "FCA154FF4B6CC4CB73CC17F7"
            BuildableName = "CustomFont_Leon.app"
            BlueprintName = "CustomFont_Leon"
            ReferencedContainer = "container:CustomFont_Leon.xcodeproj">
         </BuildableReference>
      </BuildableProductRunnable>
   </LaunchAction>
</Scheme>
